
Microsoft Visual Studio Solution File, Format Version 12.00
# Visual Studio Version 17
VisualStudioVersion = 17.5.33530.505
MinimumVisualStudioVersion = 10.0.40219.1
Project("{FAE04EC0-301F-11D3-BF4B-00C04F79EFBC}") = "WebApi", "WebApi\WebApi.csproj", "{9DEF964B-3BFA-4DCE-BED3-984EF0E4F3C9}"
EndProject
Project("{FAE04EC0-301F-11D3-BF4B-00C04F79EFBC}") = "Persistence", "Persistence\Persistence.csproj", "{46D5DFAE-C2D5-4D83-BB77-4FE89B8B43CA}"
EndProject
Project("{FAE04EC0-301F-11D3-BF4B-00C04F79EFBC}") = "Domain", "Domain\Domain.csproj", "{564C2E3C-F1D6-48C8-9EAF-47CEB8B8C3A4}"
EndProject
Project("{FAE04EC0-301F-11D3-BF4B-00C04F79EFBC}") = "Application", "Application\Application.csproj", "{384A5727-A87E-4F51-9469-57BB13930797}"
EndProject
Project("{FAE04EC0-301F-11D3-BF4B-00C04F79EFBC}") = "Infrastructure", "Infrastructure\Infrastructure.csproj", "{0B229D9C-A0AB-4CA7-AB1D-8AEAD23FD8C1}"
EndProject
Global
	GlobalSection(SolutionConfigurationPlatforms) = preSolution
		Debug|Any CPU = Debug|Any CPU
		Release|Any CPU = Release|Any CPU
	EndGlobalSection
	GlobalSection(ProjectConfigurationPlatforms) = postSolution
		{9DEF964B-3BFA-4DCE-BED3-984EF0E4F3C9}.Debug|Any CPU.ActiveCfg = Debug|Any CPU
		{9DEF964B-3BFA-4DCE-BED3-984EF0E4F3C9}.Debug|Any CPU.Build.0 = Debug|Any CPU
		{9DEF964B-3BFA-4DCE-BED3-984EF0E4F3C9}.Release|Any CPU.ActiveCfg = Release|Any CPU
		{9DEF964B-3BFA-4DCE-BED3-984EF0E4F3C9}.Release|Any CPU.Build.0 = Release|Any CPU
		{46D5DFAE-C2D5-4D83-BB77-4FE89B8B43CA}.Debug|Any CPU.ActiveCfg = Debug|Any CPU
		{46D5DFAE-C2D5-4D83-BB77-4FE89B8B43CA}.Debug|Any CPU.Build.0 = Debug|Any CPU
		{46D5DFAE-C2D5-4D83-BB77-4FE89B8B43CA}.Release|Any CPU.ActiveCfg = Release|Any CPU
		{46D5DFAE-C2D5-4D83-BB77-4FE89B8B43CA}.Release|Any CPU.Build.0 = Release|Any CPU
		{564C2E3C-F1D6-48C8-9EAF-47CEB8B8C3A4}.Debug|Any CPU.ActiveCfg = Debug|Any CPU
		{564C2E3C-F1D6-48C8-9EAF-47CEB8B8C3A4}.Debug|Any CPU.Build.0 = Debug|Any CPU
		{564C2E3C-F1D6-48C8-9EAF-47CEB8B8C3A4}.Release|Any CPU.ActiveCfg = Release|Any CPU
		{564C2E3C-F1D6-48C8-9EAF-47CEB8B8C3A4}.Release|Any CPU.Build.0 = Release|Any CPU
		{384A5727-A87E-4F51-9469-57BB13930797}.Debug|Any CPU.ActiveCfg = Debug|Any CPU
		{384A5727-A87E-4F51-9469-57BB13930797}.Debug|Any CPU.Build.0 = Debug|Any CPU
		{384A5727-A87E-4F51-9469-57BB13930797}.Release|Any CPU.ActiveCfg = Release|Any CPU
		{384A5727-A87E-4F51-9469-57BB13930797}.Release|Any CPU.Build.0 = Release|Any CPU
		{0B229D9C-A0AB-4CA7-AB1D-8AEAD23FD8C1}.Debug|Any CPU.ActiveCfg = Debug|Any CPU
		{0B229D9C-A0AB-4CA7-AB1D-8AEAD23FD8C1}.Debug|Any CPU.Build.0 = Debug|Any CPU
		{0B229D9C-A0AB-4CA7-AB1D-8AEAD23FD8C1}.Release|Any CPU.ActiveCfg = Release|Any CPU
		{0B229D9C-A0AB-4CA7-AB1D-8AEAD23FD8C1}.Release|Any CPU.Build.0 = Release|Any CPU
	EndGlobalSection
	GlobalSection(SolutionProperties) = preSolution
		HideSolutionNode = FALSE
	EndGlobalSection
	GlobalSection(ExtensibilityGlobals) = postSolution
		SolutionGuid = {77477116-C764-45CA-A890-27577CA78A22}
	EndGlobalSection
EndGlobal
